// !$*UTF8*$!
{
	archiveVersion = 1;
	classes = {
	};
	objectVersion = 46;
	objects = {

/* Begin PBXBuildFile section */
		013A8DAE1AB63DEC005DBC6E /* BoardTableViewController.swift in Sources */ = {isa = PBXBuildFile; fileRef = 013A8DAD1AB63DEC005DBC6E /* BoardTableViewController.swift */; };
		013A8DB01AB63DFE005DBC6E /* BoardTableViewCell.swift in Sources */ = {isa = PBXBuildFile; fileRef = 013A8DAF1AB63DFE005DBC6E /* BoardTableViewCell.swift */; };
		015DE66B1AACFC3000BF3539 /* AppDelegate.swift in Sources */ = {isa = PBXBuildFile; fileRef = 015DE66A1AACFC3000BF3539 /* AppDelegate.swift */; };
		015DE6701AACFC3000BF3539 /* Main.storyboard in Resources */ = {isa = PBXBuildFile; fileRef = 015DE66E1AACFC3000BF3539 /* Main.storyboard */; };
		015DE6751AACFC3000BF3539 /* LaunchScreen.xib in Resources */ = {isa = PBXBuildFile; fileRef = 015DE6731AACFC3000BF3539 /* LaunchScreen.xib */; };
		015DE6811AACFC3000BF3539 /* ASC_IllinoisTests.swift in Sources */ = {isa = PBXBuildFile; fileRef = 015DE6801AACFC3000BF3539 /* ASC_IllinoisTests.swift */; };
		015DE68F1AACFCD700BF3539 /* AudioToolbox.framework in Frameworks */ = {isa = PBXBuildFile; fileRef = 015DE68E1AACFCD700BF3539 /* AudioToolbox.framework */; };
		015DE6911AACFCDE00BF3539 /* CFNetwork.framework in Frameworks */ = {isa = PBXBuildFile; fileRef = 015DE6901AACFCDE00BF3539 /* CFNetwork.framework */; };
		015DE6931AACFCE300BF3539 /* CoreGraphics.framework in Frameworks */ = {isa = PBXBuildFile; fileRef = 015DE6921AACFCE300BF3539 /* CoreGraphics.framework */; };
		015DE6951AACFCE900BF3539 /* CoreLocation.framework in Frameworks */ = {isa = PBXBuildFile; fileRef = 015DE6941AACFCE900BF3539 /* CoreLocation.framework */; };
		015DE6971AACFCEE00BF3539 /* MobileCoreServices.framework in Frameworks */ = {isa = PBXBuildFile; fileRef = 015DE6961AACFCEE00BF3539 /* MobileCoreServices.framework */; };
		015DE6991AACFCF400BF3539 /* QuartzCore.framework in Frameworks */ = {isa = PBXBuildFile; fileRef = 015DE6981AACFCF400BF3539 /* QuartzCore.framework */; };
		015DE69B1AACFCFA00BF3539 /* Security.framework in Frameworks */ = {isa = PBXBuildFile; fileRef = 015DE69A1AACFCFA00BF3539 /* Security.framework */; };
		015DE69D1AACFCFE00BF3539 /* StoreKit.framework in Frameworks */ = {isa = PBXBuildFile; fileRef = 015DE69C1AACFCFE00BF3539 /* StoreKit.framework */; };
		015DE69F1AACFD0300BF3539 /* SystemConfiguration.framework in Frameworks */ = {isa = PBXBuildFile; fileRef = 015DE69E1AACFD0300BF3539 /* SystemConfiguration.framework */; };
		015DE6A11AACFD0900BF3539 /* libz.dylib in Frameworks */ = {isa = PBXBuildFile; fileRef = 015DE6A01AACFD0900BF3539 /* libz.dylib */; };
		015DE6A31AACFD1100BF3539 /* libsqlite3.dylib in Frameworks */ = {isa = PBXBuildFile; fileRef = 015DE6A21AACFD1100BF3539 /* libsqlite3.dylib */; };
		015DE6AA1AACFE5200BF3539 /* LoginViewController.swift in Sources */ = {isa = PBXBuildFile; fileRef = 015DE6A91AACFE5200BF3539 /* LoginViewController.swift */; };
		015DE6AC1AAD057600BF3539 /* Images.xcassets in Resources */ = {isa = PBXBuildFile; fileRef = 015DE6AB1AAD057600BF3539 /* Images.xcassets */; };
		015DE6AE1AAD13E600BF3539 /* EventTableViewController.swift in Sources */ = {isa = PBXBuildFile; fileRef = 015DE6AD1AAD13E600BF3539 /* EventTableViewController.swift */; };
		015DE6B01AAD181900BF3539 /* EventTableViewCell.swift in Sources */ = {isa = PBXBuildFile; fileRef = 015DE6AF1AAD181900BF3539 /* EventTableViewCell.swift */; };
		015DE6B21AAD1CE900BF3539 /* DetailViewController.swift in Sources */ = {isa = PBXBuildFile; fileRef = 015DE6B11AAD1CE900BF3539 /* DetailViewController.swift */; };
		019901711AB8CFB90010E8D7 /* Bolts.framework in Frameworks */ = {isa = PBXBuildFile; fileRef = 0199016F1AB8CFB90010E8D7 /* Bolts.framework */; };
		019901721AB8CFB90010E8D7 /* Parse.framework in Frameworks */ = {isa = PBXBuildFile; fileRef = 019901701AB8CFB90010E8D7 /* Parse.framework */; };
		019901741AB8D2ED0010E8D7 /* HeaderCell.swift in Sources */ = {isa = PBXBuildFile; fileRef = 019901731AB8D2ED0010E8D7 /* HeaderCell.swift */; };
/* End PBXBuildFile section */

/* Begin PBXContainerItemProxy section */
		015DE67B1AACFC3000BF3539 /* PBXContainerItemProxy */ = {
			isa = PBXContainerItemProxy;
			containerPortal = 015DE65D1AACFC3000BF3539 /* Project object */;
			proxyType = 1;
			remoteGlobalIDString = 015DE6641AACFC3000BF3539;
			remoteInfo = "ASC Illinois";
		};
/* End PBXContainerItemProxy section */

/* Begin PBXFileReference section */
		013A8DAD1AB63DEC005DBC6E /* BoardTableViewController.swift */ = {isa = PBXFileReference; fileEncoding = 4; lastKnownFileType = sourcecode.swift; path = BoardTableViewController.swift; sourceTree = "<group>"; };
		013A8DAF1AB63DFE005DBC6E /* BoardTableViewCell.swift */ = {isa = PBXFileReference; fileEncoding = 4; lastKnownFileType = sourcecode.swift; path = BoardTableViewCell.swift; sourceTree = "<group>"; };
		015DE6651AACFC3000BF3539 /* ASC Illinois.app */ = {isa = PBXFileReference; explicitFileType = wrapper.application; includeInIndex = 0; path = "ASC Illinois.app"; sourceTree = BUILT_PRODUCTS_DIR; };
		015DE6691AACFC3000BF3539 /* Info.plist */ = {isa = PBXFileReference; lastKnownFileType = text.plist.xml; path = Info.plist; sourceTree = "<group>"; };
		015DE66A1AACFC3000BF3539 /* AppDelegate.swift */ = {isa = PBXFileReference; lastKnownFileType = sourcecode.swift; path = AppDelegate.swift; sourceTree = "<group>"; };
		015DE66F1AACFC3000BF3539 /* Base */ = {isa = PBXFileReference; lastKnownFileType = file.storyboard; name = Base; path = Base.lproj/Main.storyboard; sourceTree = "<group>"; };
		015DE6741AACFC3000BF3539 /* Base */ = {isa = PBXFileReference; lastKnownFileType = file.xib; name = Base; path = Base.lproj/LaunchScreen.xib; sourceTree = "<group>"; };
		015DE67A1AACFC3000BF3539 /* ASC IllinoisTests.xctest */ = {isa = PBXFileReference; explicitFileType = wrapper.cfbundle; includeInIndex = 0; path = "ASC IllinoisTests.xctest"; sourceTree = BUILT_PRODUCTS_DIR; };
		015DE67F1AACFC3000BF3539 /* Info.plist */ = {isa = PBXFileReference; lastKnownFileType = text.plist.xml; path = Info.plist; sourceTree = "<group>"; };
		015DE6801AACFC3000BF3539 /* ASC_IllinoisTests.swift */ = {isa = PBXFileReference; lastKnownFileType = sourcecode.swift; path = ASC_IllinoisTests.swift; sourceTree = "<group>"; };
		015DE68E1AACFCD700BF3539 /* AudioToolbox.framework */ = {isa = PBXFileReference; lastKnownFileType = wrapper.framework; name = AudioToolbox.framework; path = System/Library/Frameworks/AudioToolbox.framework; sourceTree = SDKROOT; };
		015DE6901AACFCDE00BF3539 /* CFNetwork.framework */ = {isa = PBXFileReference; lastKnownFileType = wrapper.framework; name = CFNetwork.framework; path = System/Library/Frameworks/CFNetwork.framework; sourceTree = SDKROOT; };
		015DE6921AACFCE300BF3539 /* CoreGraphics.framework */ = {isa = PBXFileReference; lastKnownFileType = wrapper.framework; name = CoreGraphics.framework; path = System/Library/Frameworks/CoreGraphics.framework; sourceTree = SDKROOT; };
		015DE6941AACFCE900BF3539 /* CoreLocation.framework */ = {isa = PBXFileReference; lastKnownFileType = wrapper.framework; name = CoreLocation.framework; path = System/Library/Frameworks/CoreLocation.framework; sourceTree = SDKROOT; };
		015DE6961AACFCEE00BF3539 /* MobileCoreServices.framework */ = {isa = PBXFileReference; lastKnownFileType = wrapper.framework; name = MobileCoreServices.framework; path = System/Library/Frameworks/MobileCoreServices.framework; sourceTree = SDKROOT; };
		015DE6981AACFCF400BF3539 /* QuartzCore.framework */ = {isa = PBXFileReference; lastKnownFileType = wrapper.framework; name = QuartzCore.framework; path = System/Library/Frameworks/QuartzCore.framework; sourceTree = SDKROOT; };
		015DE69A1AACFCFA00BF3539 /* Security.framework */ = {isa = PBXFileReference; lastKnownFileType = wrapper.framework; name = Security.framework; path = System/Library/Frameworks/Security.framework; sourceTree = SDKROOT; };
		015DE69C1AACFCFE00BF3539 /* StoreKit.framework */ = {isa = PBXFileReference; lastKnownFileType = wrapper.framework; name = StoreKit.framework; path = System/Library/Frameworks/StoreKit.framework; sourceTree = SDKROOT; };
		015DE69E1AACFD0300BF3539 /* SystemConfiguration.framework */ = {isa = PBXFileReference; lastKnownFileType = wrapper.framework; name = SystemConfiguration.framework; path = System/Library/Frameworks/SystemConfiguration.framework; sourceTree = SDKROOT; };
		015DE6A01AACFD0900BF3539 /* libz.dylib */ = {isa = PBXFileReference; lastKnownFileType = "compiled.mach-o.dylib"; name = libz.dylib; path = usr/lib/libz.dylib; sourceTree = SDKROOT; };
		015DE6A21AACFD1100BF3539 /* libsqlite3.dylib */ = {isa = PBXFileReference; lastKnownFileType = "compiled.mach-o.dylib"; name = libsqlite3.dylib; path = usr/lib/libsqlite3.dylib; sourceTree = SDKROOT; };
		015DE6A41AACFD5D00BF3539 /* ASC Illinois-Bridging-Header.h */ = {isa = PBXFileReference; lastKnownFileType = sourcecode.c.h; path = "ASC Illinois-Bridging-Header.h"; sourceTree = "<group>"; };
		015DE6A91AACFE5200BF3539 /* LoginViewController.swift */ = {isa = PBXFileReference; fileEncoding = 4; lastKnownFileType = sourcecode.swift; name = LoginViewController.swift; path = ../LoginViewController.swift; sourceTree = "<group>"; };
		015DE6AB1AAD057600BF3539 /* Images.xcassets */ = {isa = PBXFileReference; lastKnownFileType = folder.assetcatalog; path = Images.xcassets; sourceTree = "<group>"; };
		015DE6AD1AAD13E600BF3539 /* EventTableViewController.swift */ = {isa = PBXFileReference; fileEncoding = 4; lastKnownFileType = sourcecode.swift; path = EventTableViewController.swift; sourceTree = "<group>"; };
		015DE6AF1AAD181900BF3539 /* EventTableViewCell.swift */ = {isa = PBXFileReference; fileEncoding = 4; lastKnownFileType = sourcecode.swift; path = EventTableViewCell.swift; sourceTree = "<group>"; };
		015DE6B11AAD1CE900BF3539 /* DetailViewController.swift */ = {isa = PBXFileReference; fileEncoding = 4; lastKnownFileType = sourcecode.swift; path = DetailViewController.swift; sourceTree = "<group>"; };
		0199016F1AB8CFB90010E8D7 /* Bolts.framework */ = {isa = PBXFileReference; lastKnownFileType = wrapper.framework; path = Bolts.framework; sourceTree = "<group>"; };
		019901701AB8CFB90010E8D7 /* Parse.framework */ = {isa = PBXFileReference; lastKnownFileType = wrapper.framework; path = Parse.framework; sourceTree = "<group>"; };
		019901731AB8D2ED0010E8D7 /* HeaderCell.swift */ = {isa = PBXFileReference; fileEncoding = 4; lastKnownFileType = sourcecode.swift; path = HeaderCell.swift; sourceTree = "<group>"; };
/* End PBXFileReference section */

/* Begin PBXFrameworksBuildPhase section */
		015DE6621AACFC3000BF3539 /* Frameworks */ = {
			isa = PBXFrameworksBuildPhase;
			buildActionMask = 2147483647;
			files = (
				015DE6A31AACFD1100BF3539 /* libsqlite3.dylib in Frameworks */,
				015DE6A11AACFD0900BF3539 /* libz.dylib in Frameworks */,
				015DE69F1AACFD0300BF3539 /* SystemConfiguration.framework in Frameworks */,
				019901711AB8CFB90010E8D7 /* Bolts.framework in Frameworks */,
				015DE69D1AACFCFE00BF3539 /* StoreKit.framework in Frameworks */,
				015DE69B1AACFCFA00BF3539 /* Security.framework in Frameworks */,
				019901721AB8CFB90010E8D7 /* Parse.framework in Frameworks */,
				015DE6991AACFCF400BF3539 /* QuartzCore.framework in Frameworks */,
				015DE6971AACFCEE00BF3539 /* MobileCoreServices.framework in Frameworks */,
				015DE6951AACFCE900BF3539 /* CoreLocation.framework in Frameworks */,
				015DE6931AACFCE300BF3539 /* CoreGraphics.framework in Frameworks */,
				015DE6911AACFCDE00BF3539 /* CFNetwork.framework in Frameworks */,
				015DE68F1AACFCD700BF3539 /* AudioToolbox.framework in Frameworks */,
			);
			runOnlyForDeploymentPostprocessing = 0;
		};
		015DE6771AACFC3000BF3539 /* Frameworks */ = {
			isa = PBXFrameworksBuildPhase;
			buildActionMask = 2147483647;
			files = (
			);
			runOnlyForDeploymentPostprocessing = 0;
		};
/* End PBXFrameworksBuildPhase section */

/* Begin PBXGroup section */
		015DE65C1AACFC3000BF3539 = {
			isa = PBXGroup;
			children = (
				015DE6A21AACFD1100BF3539 /* libsqlite3.dylib */,
				015DE6A01AACFD0900BF3539 /* libz.dylib */,
				015DE69E1AACFD0300BF3539 /* SystemConfiguration.framework */,
				015DE69C1AACFCFE00BF3539 /* StoreKit.framework */,
				015DE69A1AACFCFA00BF3539 /* Security.framework */,
				015DE6981AACFCF400BF3539 /* QuartzCore.framework */,
				015DE6961AACFCEE00BF3539 /* MobileCoreServices.framework */,
				015DE6941AACFCE900BF3539 /* CoreLocation.framework */,
				015DE6921AACFCE300BF3539 /* CoreGraphics.framework */,
				015DE6901AACFCDE00BF3539 /* CFNetwork.framework */,
				015DE68E1AACFCD700BF3539 /* AudioToolbox.framework */,
				015DE6671AACFC3000BF3539 /* ASC Illinois */,
				015DE67D1AACFC3000BF3539 /* ASC IllinoisTests */,
				015DE6661AACFC3000BF3539 /* Products */,
				015DE6A41AACFD5D00BF3539 /* ASC Illinois-Bridging-Header.h */,
			);
			sourceTree = "<group>";
		};
		015DE6661AACFC3000BF3539 /* Products */ = {
			isa = PBXGroup;
			children = (
				015DE6651AACFC3000BF3539 /* ASC Illinois.app */,
				015DE67A1AACFC3000BF3539 /* ASC IllinoisTests.xctest */,
			);
			name = Products;
			sourceTree = "<group>";
		};
		015DE6671AACFC3000BF3539 /* ASC Illinois */ = {
			isa = PBXGroup;
			children = (
				0199016F1AB8CFB90010E8D7 /* Bolts.framework */,
				019901701AB8CFB90010E8D7 /* Parse.framework */,
				015DE6A91AACFE5200BF3539 /* LoginViewController.swift */,
				015DE66A1AACFC3000BF3539 /* AppDelegate.swift */,
				015DE6AB1AAD057600BF3539 /* Images.xcassets */,
				015DE66E1AACFC3000BF3539 /* Main.storyboard */,
				013A8DAD1AB63DEC005DBC6E /* BoardTableViewController.swift */,
				013A8DAF1AB63DFE005DBC6E /* BoardTableViewCell.swift */,
				015DE6AD1AAD13E600BF3539 /* EventTableViewController.swift */,
				019901731AB8D2ED0010E8D7 /* HeaderCell.swift */,
				015DE6AF1AAD181900BF3539 /* EventTableViewCell.swift */,
				015DE6B11AAD1CE900BF3539 /* DetailViewController.swift */,
				015DE6731AACFC3000BF3539 /* LaunchScreen.xib */,
				015DE6681AACFC3000BF3539 /* Supporting Files */,
			);
			path = "ASC Illinois";
			sourceTree = "<group>";
		};
		015DE6681AACFC3000BF3539 /* Supporting Files */ = {
			isa = PBXGroup;
			children = (
				015DE6691AACFC3000BF3539 /* Info.plist */,
			);
			name = "Supporting Files";
			sourceTree = "<group>";
		};
		015DE67D1AACFC3000BF3539 /* ASC IllinoisTests */ = {
			isa = PBXGroup;
			children = (
				015DE6801AACFC3000BF3539 /* ASC_IllinoisTests.swift */,
				015DE67E1AACFC3000BF3539 /* Supporting Files */,
			);
			path = "ASC IllinoisTests";
			sourceTree = "<group>";
		};
		015DE67E1AACFC3000BF3539 /* Supporting Files */ = {
			isa = PBXGroup;
			children = (
				015DE67F1AACFC3000BF3539 /* Info.plist */,
			);
			name = "Supporting Files";
			sourceTree = "<group>";
		};
/* End PBXGroup section */

/* Begin PBXNativeTarget section */
		015DE6641AACFC3000BF3539 /* ASC Illinois */ = {
			isa = PBXNativeTarget;
			buildConfigurationList = 015DE6841AACFC3000BF3539 /* Build configuration list for PBXNativeTarget "ASC Illinois" */;
			buildPhases = (
				015DE6611AACFC3000BF3539 /* Sources */,
				015DE6621AACFC3000BF3539 /* Frameworks */,
				015DE6631AACFC3000BF3539 /* Resources */,
			);
			buildRules = (
			);
			dependencies = (
			);
			name = "ASC Illinois";
			productName = "ASC Illinois";
			productReference = 015DE6651AACFC3000BF3539 /* ASC Illinois.app */;
			productType = "com.apple.product-type.application";
		};
		015DE6791AACFC3000BF3539 /* ASC IllinoisTests */ = {
			isa = PBXNativeTarget;
			buildConfigurationList = 015DE6871AACFC3000BF3539 /* Build configuration list for PBXNativeTarget "ASC IllinoisTests" */;
			buildPhases = (
				015DE6761AACFC3000BF3539 /* Sources */,
				015DE6771AACFC3000BF3539 /* Frameworks */,
				015DE6781AACFC3000BF3539 /* Resources */,
			);
			buildRules = (
			);
			dependencies = (
				015DE67C1AACFC3000BF3539 /* PBXTargetDependency */,
			);
			name = "ASC IllinoisTests";
			productName = "ASC IllinoisTests";
			productReference = 015DE67A1AACFC3000BF3539 /* ASC IllinoisTests.xctest */;
			productType = "com.apple.product-type.bundle.unit-test";
		};
/* End PBXNativeTarget section */

/* Begin PBXProject section */
		015DE65D1AACFC3000BF3539 /* Project object */ = {
			isa = PBXProject;
			attributes = {
				LastUpgradeCheck = 0610;
				ORGANIZATIONNAME = "Tingting Gao";
				TargetAttributes = {
					015DE6641AACFC3000BF3539 = {
						CreatedOnToolsVersion = 6.1.1;
						DevelopmentTeam = 6CPHQP7BRL;
					};
					015DE6791AACFC3000BF3539 = {
						CreatedOnToolsVersion = 6.1.1;
						TestTargetID = 015DE6641AACFC3000BF3539;
					};
				};
			};
			buildConfigurationList = 015DE6601AACFC3000BF3539 /* Build configuration list for PBXProject "ASC Illinois" */;
			compatibilityVersion = "Xcode 3.2";
			developmentRegion = English;
			hasScannedForEncodings = 0;
			knownRegions = (
				en,
				Base,
			);
			mainGroup = 015DE65C1AACFC3000BF3539;
			productRefGroup = 015DE6661AACFC3000BF3539 /* Products */;
			projectDirPath = "";
			projectRoot = "";
			targets = (
				015DE6641AACFC3000BF3539 /* ASC Illinois */,
				015DE6791AACFC3000BF3539 /* ASC IllinoisTests */,
			);
		};
/* End PBXProject section */

/* Begin PBXResourcesBuildPhase section */
		015DE6631AACFC3000BF3539 /* Resources */ = {
			isa = PBXResourcesBuildPhase;
			buildActionMask = 2147483647;
			files = (
				015DE6AC1AAD057600BF3539 /* Images.xcassets in Resources */,
				015DE6701AACFC3000BF3539 /* Main.storyboard in Resources */,
				015DE6751AACFC3000BF3539 /* LaunchScreen.xib in Resources */,
			);
			runOnlyForDeploymentPostprocessing = 0;
		};
		015DE6781AACFC3000BF3539 /* Resources */ = {
			isa = PBXResourcesBuildPhase;
			buildActionMask = 2147483647;
			files = (
			);
			runOnlyForDeploymentPostprocessing = 0;
		};
/* End PBXResourcesBuildPhase section */

/* Begin PBXSourcesBuildPhase section */
		015DE6611AACFC3000BF3539 /* Sources */ = {
			isa = PBXSourcesBuildPhase;
			buildActionMask = 2147483647;
			files = (
				013A8DAE1AB63DEC005DBC6E /* BoardTableViewController.swift in Sources */,
				015DE6B01AAD181900BF3539 /* EventTableViewCell.swift in Sources */,
				013A8DB01AB63DFE005DBC6E /* BoardTableViewCell.swift in Sources */,
				015DE6AA1AACFE5200BF3539 /* LoginViewController.swift in Sources */,
				019901741AB8D2ED0010E8D7 /* HeaderCell.swift in Sources */,
				015DE6B21AAD1CE900BF3539 /* DetailViewController.swift in Sources */,
				015DE6AE1AAD13E600BF3539 /* EventTableViewController.swift in Sources */,
				015DE66B1AACFC3000BF3539 /* AppDelegate.swift in Sources */,
			);
			runOnlyForDeploymentPostprocessing = 0;
		};
		015DE6761AACFC3000BF3539 /* Sources */ = {
			isa = PBXSourcesBuildPhase;
			buildActionMask = 2147483647;
			files = (
				015DE6811AACFC3000BF3539 /* ASC_IllinoisTests.swift in Sources */,
			);
			runOnlyForDeploymentPostprocessing = 0;
		};
/* End PBXSourcesBuildPhase section */

/* Begin PBXTargetDependency section */
		015DE67C1AACFC3000BF3539 /* PBXTargetDependency */ = {
			isa = PBXTargetDependency;
			target = 015DE6641AACFC3000BF3539 /* ASC Illinois */;
			targetProxy = 015DE67B1AACFC3000BF3539 /* PBXContainerItemProxy */;
		};
/* End PBXTargetDependency section */

/* Begin PBXVariantGroup section */
		015DE66E1AACFC3000BF3539 /* Main.storyboard */ = {
			isa = PBXVariantGroup;
			children = (
				015DE66F1AACFC3000BF3539 /* Base */,
			);
			name = Main.storyboard;
			sourceTree = "<group>";
		};
		015DE6731AACFC3000BF3539 /* LaunchScreen.xib */ = {
			isa = PBXVariantGroup;
			children = (
				015DE6741AACFC3000BF3539 /* Base */,
			);
			name = LaunchScreen.xib;
			sourceTree = "<group>";
		};
/* End PBXVariantGroup section */

/* Begin XCBuildConfiguration section */
		015DE6821AACFC3000BF3539 /* Debug */ = {
			isa = XCBuildConfiguration;
			buildSettings = {
				ALWAYS_SEARCH_USER_PATHS = NO;
				CLANG_CXX_LANGUAGE_STANDARD = "gnu++0x";
				CLANG_CXX_LIBRARY = "libc++";
				CLANG_ENABLE_MODULES = YES;
				CLANG_ENABLE_OBJC_ARC = YES;
				CLANG_WARN_BOOL_CONVERSION = YES;
				CLANG_WARN_CONSTANT_CONVERSION = YES;
				CLANG_WARN_DIRECT_OBJC_ISA_USAGE = YES_ERROR;
				CLANG_WARN_EMPTY_BODY = YES;
				CLANG_WARN_ENUM_CONVERSION = YES;
				CLANG_WARN_INT_CONVERSION = YES;
				CLANG_WARN_OBJC_ROOT_CLASS = YES_ERROR;
				CLANG_WARN_UNREACHABLE_CODE = YES;
				CLANG_WARN__DUPLICATE_METHOD_MATCH = YES;
				"CODE_SIGN_IDENTITY[sdk=iphoneos*]" = "iPhone Developer";
				COPY_PHASE_STRIP = NO;
				ENABLE_STRICT_OBJC_MSGSEND = YES;
				GCC_C_LANGUAGE_STANDARD = gnu99;
				GCC_DYNAMIC_NO_PIC = NO;
				GCC_OPTIMIZATION_LEVEL = 0;
				GCC_PREPROCESSOR_DEFINITIONS = (
					"DEBUG=1",
					"$(inherited)",
				);
				GCC_SYMBOLS_PRIVATE_EXTERN = NO;
				GCC_WARN_64_TO_32_BIT_CONVERSION = YES;
				GCC_WARN_ABOUT_RETURN_TYPE = YES_ERROR;
				GCC_WARN_UNDECLARED_SELECTOR = YES;
				GCC_WARN_UNINITIALIZED_AUTOS = YES_AGGRESSIVE;
				GCC_WARN_UNUSED_FUNCTION = YES;
				GCC_WARN_UNUSED_VARIABLE = YES;
				IPHONEOS_DEPLOYMENT_TARGET = 8.1;
				MTL_ENABLE_DEBUG_INFO = YES;
				ONLY_ACTIVE_ARCH = YES;
				SDKROOT = iphoneos;
				SWIFT_OPTIMIZATION_LEVEL = "-Onone";
			};
			name = Debug;
		};
		015DE6831AACFC3000BF3539 /* Release */ = {
			isa = XCBuildConfiguration;
			buildSettings = {
				ALWAYS_SEARCH_USER_PATHS = NO;
				CLANG_CXX_LANGUAGE_STANDARD = "gnu++0x";
				CLANG_CXX_LIBRARY = "libc++";
				CLANG_ENABLE_MODULES = YES;
				CLANG_ENABLE_OBJC_ARC = YES;
				CLANG_WARN_BOOL_CONVERSION = YES;
				CLANG_WARN_CONSTANT_CONVERSION = YES;
				CLANG_WARN_DIRECT_OBJC_ISA_USAGE = YES_ERROR;
				CLANG_WARN_EMPTY_BODY = YES;
				CLANG_WARN_ENUM_CONVERSION = YES;
				CLANG_WARN_INT_CONVERSION = YES;
				CLANG_WARN_OBJC_ROOT_CLASS = YES_ERROR;
				CLANG_WARN_UNREACHABLE_CODE = YES;
				CLANG_WARN__DUPLICATE_METHOD_MATCH = YES;
				"CODE_SIGN_IDENTITY[sdk=iphoneos*]" = "iPhone Developer";
				COPY_PHASE_STRIP = YES;
				ENABLE_NS_ASSERTIONS = NO;
				ENABLE_STRICT_OBJC_MSGSEND = YES;
				GCC_C_LANGUAGE_STANDARD = gnu99;
				GCC_WARN_64_TO_32_BIT_CONVERSION = YES;
				GCC_WARN_ABOUT_RETURN_TYPE = YES_ERROR;
				GCC_WARN_UNDECLARED_SELECTOR = YES;
				GCC_WARN_UNINITIALIZED_AUTOS = YES_AGGRESSIVE;
				GCC_WARN_UNUSED_FUNCTION = YES;
				GCC_WARN_UNUSED_VARIABLE = YES;
				IPHONEOS_DEPLOYMENT_TARGET = 8.1;
				MTL_ENABLE_DEBUG_INFO = NO;
				SDKROOT = iphoneos;
				VALIDATE_PRODUCT = YES;
			};
			name = Release;
		};
		015DE6851AACFC3000BF3539 /* Debug */ = {
			isa = XCBuildConfiguration;
			buildSettings = {
				ASSETCATALOG_COMPILER_APPICON_NAME = AppIcon;
				CLANG_ENABLE_MODULES = YES;
				CODE_SIGN_IDENTITY = "iPhone Developer";
				"CODE_SIGN_IDENTITY[sdk=iphoneos*]" = "iPhone Developer";
				FRAMEWORK_SEARCH_PATHS = (
					"$(inherited)",
					"$(PROJECT_DIR)/ASC",
					Illinois,
					"$(PROJECT_DIR)/ASC",
					Illinois,
					"$(PROJECT_DIR)/ASC",
					Illinois,
					"$(PROJECT_DIR)/ASC",
					Illinois,
					"$(PROJECT_DIR)/ASC",
					Illinois,
					"$(PROJECT_DIR)/ASC",
					Illinois,
				);
				INFOPLIST_FILE = "ASC Illinois/Info.plist";
				LD_RUNPATH_SEARCH_PATHS = "$(inherited) @executable_path/Frameworks";
				PRODUCT_NAME = "$(TARGET_NAME)";
				PROVISIONING_PROFILE = "";
				SWIFT_OBJC_BRIDGING_HEADER = "ASC Illinois-Bridging-Header.h";
				SWIFT_OPTIMIZATION_LEVEL = "-Onone";
			};
			name = Debug;
		};
		015DE6861AACFC3000BF3539 /* Release */ = {
			isa = XCBuildConfiguration;
			buildSettings = {
				ASSETCATALOG_COMPILER_APPICON_NAME = AppIcon;
				CLANG_ENABLE_MODULES = YES;
				CODE_SIGN_IDENTITY = "iPhone Developer";
				"CODE_SIGN_IDENTITY[sdk=iphoneos*]" = "iPhone Developer";
				FRAMEWORK_SEARCH_PATHS = (
					"$(inherited)",
					"$(PROJECT_DIR)/ASC",
					Illinois,
					"$(PROJECT_DIR)/ASC",
					Illinois,
					"$(PROJECT_DIR)/ASC",
					Illinois,
					"$(PROJECT_DIR)/ASC",
					Illinois,
					"$(PROJECT_DIR)/ASC",
					Illinois,
					"$(PROJECT_DIR)/ASC",
					Illinois,
				);
				INFOPLIST_FILE = "ASC Illinois/Info.plist";
				LD_RUNPATH_SEARCH_PATHS = "$(inherited) @executable_path/Frameworks";
				PRODUCT_NAME = "$(TARGET_NAME)";
				PROVISIONING_PROFILE = "";
				SWIFT_OBJC_BRIDGING_HEADER = "ASC Illinois-Bridging-Header.h";
			};
			name = Release;
		};
		015DE6881AACFC3000BF3539 /* Debug */ = {
			isa = XCBuildConfiguration;
			buildSettings = {
				BUNDLE_LOADER = "$(TEST_HOST)";
				FRAMEWORK_SEARCH_PATHS = (
					"$(SDKROOT)/Developer/Library/Frameworks",
					"$(inherited)",
				);
				GCC_PREPROCESSOR_DEFINITIONS = (
					"DEBUG=1",
					"$(inherited)",
				);
				INFOPLIST_FILE = "ASC IllinoisTests/Info.plist";
				LD_RUNPATH_SEARCH_PATHS = "$(inherited) @executable_path/Frameworks @loader_path/Frameworks";
				PRODUCT_NAME = "$(TARGET_NAME)";
				TEST_HOST = "$(BUILT_PRODUCTS_DIR)/ASC Illinois.app/ASC Illinois";
			};
			name = Debug;
		};
		015DE6891AACFC3000BF3539 /* Release */ = {
			isa = XCBuildConfiguration;
			buildSettings = {
				BUNDLE_LOADER = "$(TEST_HOST)";
				FRAMEWORK_SEARCH_PATHS = (
					"$(SDKROOT)/Developer/Library/Frameworks",
					"$(inherited)",
				);
				INFOPLIST_FILE = "ASC IllinoisTests/Info.plist";
				LD_RUNPATH_SEARCH_PATHS = "$(inherited) @executable_path/Frameworks @loader_path/Frameworks";
				PRODUCT_NAME = "$(TARGET_NAME)";
				TEST_HOST = "$(BUILT_PRODUCTS_DIR)/ASC Illinois.app/ASC Illinois";
			};
			name = Release;
		};
/* End XCBuildConfiguration section */

/* Begin XCConfigurationList section */
		015DE6601AACFC3000BF3539 /* Build configuration list for PBXProject "ASC Illinois" */ = {
			isa = XCConfigurationList;
			buildConfigurations = (
				015DE6821AACFC3000BF3539 /* Debug */,
				015DE6831AACFC3000BF3539 /* Release */,
			);
			defaultConfigurationIsVisible = 0;
			defaultConfigurationName = Release;
		};
		015DE6841AACFC3000BF3539 /* Build configuration list for PBXNativeTarget "ASC Illinois" */ = {
			isa = XCConfigurationList;
			buildConfigurations = (
				015DE6851AACFC3000BF3539 /* Debug */,
				015DE6861AACFC3000BF3539 /* Release */,
			);
			defaultConfigurationIsVisible = 0;
			defaultConfigurationName = Release;
		};
		015DE6871AACFC3000BF3539 /* Build configuration list for PBXNativeTarget "ASC IllinoisTests" */ = {
			isa = XCConfigurationList;
			buildConfigurations = (
				015DE6881AACFC3000BF3539 /* Debug */,
				015DE6891AACFC3000BF3539 /* Release */,
			);
			defaultConfigurationIsVisible = 0;
			defaultConfigurationName = Release;
		};
/* End XCConfigurationList section */
	};
	rootObject = 015DE65D1AACFC3000BF3539 /* Project object */;
}
